dependencies:
- name: zen-lock
  repository: file://../zen-lock
  version: 0.0.2-alpha
- name: zen-flow
  repository: file://../zen-flow
  version: 0.0.2-alpha
- name: zen-gc
  repository: file://../zen-gc
  version: 0.0.2-alpha
- name: zen-watcher
  repository: file://../zen-watcher
  version: 1.0.1
- name: zen-lead
  repository: file://../zen-lead
  version: 0.1.0
- name: zen-observations-crds
  repository: file://../zen-observations-crds
  version: 0.0.1-alpha
digest: sha256:fe844bec4c1a44aef19f2fa356cc6a63c8020884dea0ab7e57a9ad8d95b8e570
generated: "2026-01-03T16:37:22.850778496-05:00"
