dependencies:
- name: zen-lock
  repository: file://../zen-lock
  version: 0.0.2-alpha
- name: zen-flow
  repository: file://../zen-flow
  version: 0.0.2-alpha
- name: zen-gc
  repository: file://../zen-gc
  version: 0.0.2-alpha
- name: zen-watcher
  repository: file://../zen-watcher
  version: 1.2.2
- name: zen-lead
  repository: file://../zen-lead
  version: 0.0.2-alpha
digest: sha256:e94d34c67c787f5fbce1a1d2c464dbe384c291f2fecf83e338ec3c0b1aeba819
generated: "2026-01-08T06:45:27.491670448-05:00"
