dependencies:
- name: zen-lock
  repository: file://../zen-lock
  version: 0.0.2-alpha
- name: zen-flow
  repository: file://../zen-flow
  version: 0.0.2-alpha
- name: zen-gc
  repository: file://../zen-gc
  version: 0.0.2-alpha
- name: zen-watcher
  repository: file://../zen-watcher
  version: 1.0.3
- name: zen-lead
  repository: file://../zen-lead
  version: 0.0.2-alpha
digest: sha256:b0e2a292d16b0f2706d7323457ad4543c8ffba4fd437a3ad78216a7106feca2d
generated: "2026-01-08T06:41:25.29119813-05:00"
